
Microsoft Visual Studio Solution File, Format Version 12.00
# Visual Studio Version 17
VisualStudioVersion = 17.4.33213.308
MinimumVisualStudioVersion = 10.0.40219.1
Project("{FAE04EC0-301F-11D3-BF4B-00C04F79EFBC}") = "Web411019066", "Web411019066\Web411019066.csproj", "{CA075E17-41A3-4E67-8919-422563B25BFB}"
EndProject
Global
	GlobalSection(SolutionConfigurationPlatforms) = preSolution
		Debug|Any CPU = Debug|Any CPU
		Release|Any CPU = Release|Any CPU
	EndGlobalSection
	GlobalSection(ProjectConfigurationPlatforms) = postSolution
		{CA075E17-41A3-4E67-8919-422563B25BFB}.Debug|Any CPU.ActiveCfg = Debug|Any CPU
		{CA075E17-41A3-4E67-8919-422563B25BFB}.Debug|Any CPU.Build.0 = Debug|Any CPU
		{CA075E17-41A3-4E67-8919-422563B25BFB}.Release|Any CPU.ActiveCfg = Release|Any CPU
		{CA075E17-41A3-4E67-8919-422563B25BFB}.Release|Any CPU.Build.0 = Release|Any CPU
	EndGlobalSection
	GlobalSection(SolutionProperties) = preSolution
		HideSolutionNode = FALSE
	EndGlobalSection
	GlobalSection(ExtensibilityGlobals) = postSolution
		SolutionGuid = {A2485279-7E01-4F58-B2B0-6C887D40FFA2}
	EndGlobalSection
EndGlobal
